
Microsoft Visual Studio Solution File, Format Version 12.00
# Visual Studio Version 17
VisualStudioVersion = 17.4.33122.133
MinimumVisualStudioVersion = 10.0.40219.1
Project("{9A19103F-16F7-4668-BE54-9A1E7A4F7556}") = "SimpleFactory", "ConsoleApp9\SimpleFactory.csproj", "{836C18B9-7EAF-4657-B3ED-2F0279CA0598}"
EndProject
Global
	GlobalSection(SolutionConfigurationPlatforms) = preSolution
		Debug|Any CPU = Debug|Any CPU
		Release|Any CPU = Release|Any CPU
	EndGlobalSection
	GlobalSection(ProjectConfigurationPlatforms) = postSolution
		{836C18B9-7EAF-4657-B3ED-2F0279CA0598}.Debug|Any CPU.ActiveCfg = Debug|Any CPU
		{836C18B9-7EAF-4657-B3ED-2F0279CA0598}.Debug|Any CPU.Build.0 = Debug|Any CPU
		{836C18B9-7EAF-4657-B3ED-2F0279CA0598}.Release|Any CPU.ActiveCfg = Release|Any CPU
		{836C18B9-7EAF-4657-B3ED-2F0279CA0598}.Release|Any CPU.Build.0 = Release|Any CPU
	EndGlobalSection
	GlobalSection(SolutionProperties) = preSolution
		HideSolutionNode = FALSE
	EndGlobalSection
	GlobalSection(ExtensibilityGlobals) = postSolution
		SolutionGuid = {4787E4A0-3CDE-467D-B282-935F9162742B}
	EndGlobalSection
EndGlobal
